
Microsoft Visual Studio Solution File, Format Version 12.00
# Visual Studio 15
VisualStudioVersion = 15.0.28307.1684
MinimumVisualStudioVersion = 10.0.40219.1
Project("{FAE04EC0-301F-11D3-BF4B-00C04F79EFBC}") = "GetDocumentAPI", "GetDocumentAPI\GetDocumentAPI.csproj", "{A0C49EF3-D1FA-4A65-8093-9AC46EE63EFF}"
EndProject
Global
	GlobalSection(SolutionConfigurationPlatforms) = preSolution
		Debug|Any CPU = Debug|Any CPU
		Release|Any CPU = Release|Any CPU
	EndGlobalSection
	GlobalSection(ProjectConfigurationPlatforms) = postSolution
		{A0C49EF3-D1FA-4A65-8093-9AC46EE63EFF}.Debug|Any CPU.ActiveCfg = Debug|Any CPU
		{A0C49EF3-D1FA-4A65-8093-9AC46EE63EFF}.Debug|Any CPU.Build.0 = Debug|Any CPU
		{A0C49EF3-D1FA-4A65-8093-9AC46EE63EFF}.Release|Any CPU.ActiveCfg = Release|Any CPU
		{A0C49EF3-D1FA-4A65-8093-9AC46EE63EFF}.Release|Any CPU.Build.0 = Release|Any CPU
	EndGlobalSection
	GlobalSection(SolutionProperties) = preSolution
		HideSolutionNode = FALSE
	EndGlobalSection
	GlobalSection(ExtensibilityGlobals) = postSolution
		SolutionGuid = {4B615F42-D96A-4729-B96D-69752E0EC383}
	EndGlobalSection
EndGlobal
